
Microsoft Visual Studio Solution File, Format Version 12.00
# Visual Studio Version 17
VisualStudioVersion = 17.13.35931.197 d17.13
MinimumVisualStudioVersion = 10.0.40219.1
Project("{FAE04EC0-301F-11D3-BF4B-00C04F79EFBC}") = "TestingRP", "TestingRP\TestingRP.csproj", "{DC3F0237-2CA8-4A9F-9EDE-61AFE7F451D6}"
EndProject
Project("{FAE04EC0-301F-11D3-BF4B-00C04F79EFBC}") = "MSTestRP", "MSTestRP\MSTestRP.csproj", "{3F12B6BE-E217-4289-BF2E-FF03E7CEA631}"
EndProject
Global
	GlobalSection(SolutionConfigurationPlatforms) = preSolution
		Debug|Any CPU = Debug|Any CPU
		Release|Any CPU = Release|Any CPU
	EndGlobalSection
	GlobalSection(ProjectConfigurationPlatforms) = postSolution
		{DC3F0237-2CA8-4A9F-9EDE-61AFE7F451D6}.Debug|Any CPU.ActiveCfg = Debug|Any CPU
		{DC3F0237-2CA8-4A9F-9EDE-61AFE7F451D6}.Debug|Any CPU.Build.0 = Debug|Any CPU
		{DC3F0237-2CA8-4A9F-9EDE-61AFE7F451D6}.Release|Any CPU.ActiveCfg = Release|Any CPU
		{DC3F0237-2CA8-4A9F-9EDE-61AFE7F451D6}.Release|Any CPU.Build.0 = Release|Any CPU
		{3F12B6BE-E217-4289-BF2E-FF03E7CEA631}.Debug|Any CPU.ActiveCfg = Debug|Any CPU
		{3F12B6BE-E217-4289-BF2E-FF03E7CEA631}.Debug|Any CPU.Build.0 = Debug|Any CPU
		{3F12B6BE-E217-4289-BF2E-FF03E7CEA631}.Release|Any CPU.ActiveCfg = Release|Any CPU
		{3F12B6BE-E217-4289-BF2E-FF03E7CEA631}.Release|Any CPU.Build.0 = Release|Any CPU
	EndGlobalSection
	GlobalSection(SolutionProperties) = preSolution
		HideSolutionNode = FALSE
	EndGlobalSection
	GlobalSection(ExtensibilityGlobals) = postSolution
		SolutionGuid = {2334E5E1-4063-4C8A-A53C-FE7AAF14992F}
	EndGlobalSection
EndGlobal
